
Microsoft Visual Studio Solution File, Format Version 12.00
# Visual Studio Version 16
VisualStudioVersion = 16.0.32106.194
MinimumVisualStudioVersion = 10.0.40219.1
Project("{9A19103F-16F7-4668-BE54-9A1E7A4F7556}") = "ReversiMvcApp", "ReversiMvcApp\ReversiMvcApp.csproj", "{958251E4-B79A-436E-A87C-A108EC6B8510}"
EndProject
Global
	GlobalSection(SolutionConfigurationPlatforms) = preSolution
		Debug|Any CPU = Debug|Any CPU
		Release|Any CPU = Release|Any CPU
	EndGlobalSection
	GlobalSection(ProjectConfigurationPlatforms) = postSolution
		{958251E4-B79A-436E-A87C-A108EC6B8510}.Debug|Any CPU.ActiveCfg = Debug|Any CPU
		{958251E4-B79A-436E-A87C-A108EC6B8510}.Debug|Any CPU.Build.0 = Debug|Any CPU
		{958251E4-B79A-436E-A87C-A108EC6B8510}.Release|Any CPU.ActiveCfg = Release|Any CPU
		{958251E4-B79A-436E-A87C-A108EC6B8510}.Release|Any CPU.Build.0 = Release|Any CPU
	EndGlobalSection
	GlobalSection(SolutionProperties) = preSolution
		HideSolutionNode = FALSE
	EndGlobalSection
	GlobalSection(ExtensibilityGlobals) = postSolution
		SolutionGuid = {913DF239-E78B-45AE-91BA-2ABCECD00D5A}
	EndGlobalSection
EndGlobal
